
Microsoft Visual Studio Solution File, Format Version 12.00
# Visual Studio Version 17
VisualStudioVersion = 17.8.34511.84
MinimumVisualStudioVersion = 10.0.40219.1
Project("{FAE04EC0-301F-11D3-BF4B-00C04F79EFBC}") = "BlazorMovieLive", "BlazorMovieLive\BlazorMovieLive.csproj", "{98402DE4-BD67-414E-870E-182F7F491CD4}"
EndProject
Global
	GlobalSection(SolutionConfigurationPlatforms) = preSolution
		Debug|Any CPU = Debug|Any CPU
		Release|Any CPU = Release|Any CPU
	EndGlobalSection
	GlobalSection(ProjectConfigurationPlatforms) = postSolution
		{98402DE4-BD67-414E-870E-182F7F491CD4}.Debug|Any CPU.ActiveCfg = Debug|Any CPU
		{98402DE4-BD67-414E-870E-182F7F491CD4}.Debug|Any CPU.Build.0 = Debug|Any CPU
		{98402DE4-BD67-414E-870E-182F7F491CD4}.Release|Any CPU.ActiveCfg = Release|Any CPU
		{98402DE4-BD67-414E-870E-182F7F491CD4}.Release|Any CPU.Build.0 = Release|Any CPU
	EndGlobalSection
	GlobalSection(SolutionProperties) = preSolution
		HideSolutionNode = FALSE
	EndGlobalSection
	GlobalSection(ExtensibilityGlobals) = postSolution
		SolutionGuid = {11197904-9F39-4983-B365-C7679C24914C}
	EndGlobalSection
EndGlobal
